
Microsoft Visual Studio Solution File, Format Version 12.00
# Visual Studio Version 16
VisualStudioVersion = 16.0.30104.148
MinimumVisualStudioVersion = 10.0.40219.1
Project("{FAE04EC0-301F-11D3-BF4B-00C04F79EFBC}") = "HotelPricing", "HotelPricing\HotelPricing.csproj", "{CAC6E8D3-B7A4-4982-AB03-6EBD0B67A72A}"
EndProject
Project("{FAE04EC0-301F-11D3-BF4B-00C04F79EFBC}") = "SportsmanStruct", "SportsmanStruct\SportsmanStruct.csproj", "{86E98118-E1BE-4FFE-A585-3E1E9D5EC215}"
EndProject
Project("{FAE04EC0-301F-11D3-BF4B-00C04F79EFBC}") = "SportsmanView", "SportsmanView\SportsmanView.csproj", "{C876E596-00A5-4130-A652-19FCAEC2F331}"
EndProject
Project("{FAE04EC0-301F-11D3-BF4B-00C04F79EFBC}") = "NestingDolls", "NestingDolls\NestingDolls.csproj", "{B41C2E04-1D58-45B2-ACA1-0034E8B73B8C}"
EndProject
Global
	GlobalSection(SolutionConfigurationPlatforms) = preSolution
		Debug|Any CPU = Debug|Any CPU
		Release|Any CPU = Release|Any CPU
	EndGlobalSection
	GlobalSection(ProjectConfigurationPlatforms) = postSolution
		{CAC6E8D3-B7A4-4982-AB03-6EBD0B67A72A}.Debug|Any CPU.ActiveCfg = Debug|Any CPU
		{CAC6E8D3-B7A4-4982-AB03-6EBD0B67A72A}.Debug|Any CPU.Build.0 = Debug|Any CPU
		{CAC6E8D3-B7A4-4982-AB03-6EBD0B67A72A}.Release|Any CPU.ActiveCfg = Release|Any CPU
		{CAC6E8D3-B7A4-4982-AB03-6EBD0B67A72A}.Release|Any CPU.Build.0 = Release|Any CPU
		{86E98118-E1BE-4FFE-A585-3E1E9D5EC215}.Debug|Any CPU.ActiveCfg = Debug|Any CPU
		{86E98118-E1BE-4FFE-A585-3E1E9D5EC215}.Debug|Any CPU.Build.0 = Debug|Any CPU
		{86E98118-E1BE-4FFE-A585-3E1E9D5EC215}.Release|Any CPU.ActiveCfg = Release|Any CPU
		{86E98118-E1BE-4FFE-A585-3E1E9D5EC215}.Release|Any CPU.Build.0 = Release|Any CPU
		{C876E596-00A5-4130-A652-19FCAEC2F331}.Debug|Any CPU.ActiveCfg = Debug|Any CPU
		{C876E596-00A5-4130-A652-19FCAEC2F331}.Debug|Any CPU.Build.0 = Debug|Any CPU
		{C876E596-00A5-4130-A652-19FCAEC2F331}.Release|Any CPU.ActiveCfg = Release|Any CPU
		{C876E596-00A5-4130-A652-19FCAEC2F331}.Release|Any CPU.Build.0 = Release|Any CPU
		{B41C2E04-1D58-45B2-ACA1-0034E8B73B8C}.Debug|Any CPU.ActiveCfg = Debug|Any CPU
		{B41C2E04-1D58-45B2-ACA1-0034E8B73B8C}.Debug|Any CPU.Build.0 = Debug|Any CPU
		{B41C2E04-1D58-45B2-ACA1-0034E8B73B8C}.Release|Any CPU.ActiveCfg = Release|Any CPU
		{B41C2E04-1D58-45B2-ACA1-0034E8B73B8C}.Release|Any CPU.Build.0 = Release|Any CPU
	EndGlobalSection
	GlobalSection(SolutionProperties) = preSolution
		HideSolutionNode = FALSE
	EndGlobalSection
	GlobalSection(ExtensibilityGlobals) = postSolution
		SolutionGuid = {5F2C5F19-F0CF-4097-A291-17FA7D4298D4}
	EndGlobalSection
EndGlobal
